
Microsoft Visual Studio Solution File, Format Version 12.00
# Visual Studio Version 17
VisualStudioVersion = 17.0.32112.339
MinimumVisualStudioVersion = 10.0.40219.1
Project("{FAE04EC0-301F-11D3-BF4B-00C04F79EFBC}") = "Basic_Problem_Statements", "Basic_Problem_Statements.csproj", "{A6536D72-F787-4391-B48F-AABE40A00759}"
EndProject
Global
	GlobalSection(SolutionConfigurationPlatforms) = preSolution
		Debug|Any CPU = Debug|Any CPU
		Release|Any CPU = Release|Any CPU
	EndGlobalSection
	GlobalSection(ProjectConfigurationPlatforms) = postSolution
		{A6536D72-F787-4391-B48F-AABE40A00759}.Debug|Any CPU.ActiveCfg = Debug|Any CPU
		{A6536D72-F787-4391-B48F-AABE40A00759}.Debug|Any CPU.Build.0 = Debug|Any CPU
		{A6536D72-F787-4391-B48F-AABE40A00759}.Release|Any CPU.ActiveCfg = Release|Any CPU
		{A6536D72-F787-4391-B48F-AABE40A00759}.Release|Any CPU.Build.0 = Release|Any CPU
	EndGlobalSection
	GlobalSection(SolutionProperties) = preSolution
		HideSolutionNode = FALSE
	EndGlobalSection
	GlobalSection(ExtensibilityGlobals) = postSolution
		SolutionGuid = {14E16B86-82FF-471E-AD78-F34C1B79D703}
	EndGlobalSection
EndGlobal
